
Microsoft Visual Studio Solution File, Format Version 12.00
# Visual Studio Version 16
VisualStudioVersion = 16.0.31019.35
MinimumVisualStudioVersion = 15.0.26124.0
Project("{9A19103F-16F7-4668-BE54-9A1E7A4F7556}") = "Webcam_WPF_Sample", "Webcam_WPF_Sample\Webcam_WPF_Sample.csproj", "{7D3BA7DD-F35D-4DC1-ADEA-CAAAADEDFBE5}"
EndProject
Global
	GlobalSection(SolutionConfigurationPlatforms) = preSolution
		Debug|Any CPU = Debug|Any CPU
		Release|Any CPU = Release|Any CPU
	EndGlobalSection
	GlobalSection(ProjectConfigurationPlatforms) = postSolution
		{7D3BA7DD-F35D-4DC1-ADEA-CAAAADEDFBE5}.Debug|Any CPU.ActiveCfg = Debug|Any CPU
		{7D3BA7DD-F35D-4DC1-ADEA-CAAAADEDFBE5}.Debug|Any CPU.Build.0 = Debug|Any CPU
		{7D3BA7DD-F35D-4DC1-ADEA-CAAAADEDFBE5}.Release|Any CPU.ActiveCfg = Release|Any CPU
		{7D3BA7DD-F35D-4DC1-ADEA-CAAAADEDFBE5}.Release|Any CPU.Build.0 = Release|Any CPU
	EndGlobalSection
	GlobalSection(SolutionProperties) = preSolution
		HideSolutionNode = FALSE
	EndGlobalSection
	GlobalSection(ExtensibilityGlobals) = postSolution
		SolutionGuid = {69FEE148-A98C-40C8-8AFE-A1D76ADE14FD}
	EndGlobalSection
EndGlobal
